
Microsoft Visual Studio Solution File, Format Version 12.00
# Visual Studio Version 17
VisualStudioVersion = 17.5.33424.131
MinimumVisualStudioVersion = 10.0.40219.1
Project("{9A19103F-16F7-4668-BE54-9A1E7A4F7556}") = "CarnalContraption.Bot.Discord", "CarnalContraption.Bot.Discord\CarnalContraption.Bot.Discord.csproj", "{AAFC0788-F58B-4FA6-A210-BEAEF420C273}"
EndProject
Project("{FAE04EC0-301F-11D3-BF4B-00C04F79EFBC}") = "CarnalContraption.Domain", "CarnalContraption.Domain\CarnalContraption.Domain.csproj", "{5ABF6B23-7108-4137-A561-DB5049733E71}"
EndProject
Project("{FAE04EC0-301F-11D3-BF4B-00C04F79EFBC}") = "CarnalContraption.Domain.Lovense", "CarnalContraption.Domain.Lovense\CarnalContraption.Domain.Lovense.csproj", "{DC9F8B4B-B187-405E-A4D7-738308071F23}"
EndProject
Global
	GlobalSection(SolutionConfigurationPlatforms) = preSolution
		Debug|Any CPU = Debug|Any CPU
		Release|Any CPU = Release|Any CPU
	EndGlobalSection
	GlobalSection(ProjectConfigurationPlatforms) = postSolution
		{AAFC0788-F58B-4FA6-A210-BEAEF420C273}.Debug|Any CPU.ActiveCfg = Debug|Any CPU
		{AAFC0788-F58B-4FA6-A210-BEAEF420C273}.Debug|Any CPU.Build.0 = Debug|Any CPU
		{AAFC0788-F58B-4FA6-A210-BEAEF420C273}.Release|Any CPU.ActiveCfg = Release|Any CPU
		{AAFC0788-F58B-4FA6-A210-BEAEF420C273}.Release|Any CPU.Build.0 = Release|Any CPU
		{5ABF6B23-7108-4137-A561-DB5049733E71}.Debug|Any CPU.ActiveCfg = Debug|Any CPU
		{5ABF6B23-7108-4137-A561-DB5049733E71}.Debug|Any CPU.Build.0 = Debug|Any CPU
		{5ABF6B23-7108-4137-A561-DB5049733E71}.Release|Any CPU.ActiveCfg = Release|Any CPU
		{5ABF6B23-7108-4137-A561-DB5049733E71}.Release|Any CPU.Build.0 = Release|Any CPU
		{DC9F8B4B-B187-405E-A4D7-738308071F23}.Debug|Any CPU.ActiveCfg = Debug|Any CPU
		{DC9F8B4B-B187-405E-A4D7-738308071F23}.Debug|Any CPU.Build.0 = Debug|Any CPU
		{DC9F8B4B-B187-405E-A4D7-738308071F23}.Release|Any CPU.ActiveCfg = Release|Any CPU
		{DC9F8B4B-B187-405E-A4D7-738308071F23}.Release|Any CPU.Build.0 = Release|Any CPU
	EndGlobalSection
	GlobalSection(SolutionProperties) = preSolution
		HideSolutionNode = FALSE
	EndGlobalSection
	GlobalSection(ExtensibilityGlobals) = postSolution
		SolutionGuid = {BFDA6541-A846-4C2F-B600-13E437FBAAA2}
	EndGlobalSection
EndGlobal
